
Microsoft Visual Studio Solution File, Format Version 11.00
# Visual Studio 2010
Project("{FAE04EC0-301F-11D3-BF4B-00C04F79EFBC}") = "InjectionProtector", "InjectionProtector\InjectionProtector.csproj", "{74FB17C4-EAE4-4EC9-ABF8-FC65468492EC}"
EndProject
Global
	GlobalSection(SolutionConfigurationPlatforms) = preSolution
		Debug|Any CPU = Debug|Any CPU
		Release|Any CPU = Release|Any CPU
	EndGlobalSection
	GlobalSection(ProjectConfigurationPlatforms) = postSolution
		{74FB17C4-EAE4-4EC9-ABF8-FC65468492EC}.Debug|Any CPU.ActiveCfg = Debug|Any CPU
		{74FB17C4-EAE4-4EC9-ABF8-FC65468492EC}.Debug|Any CPU.Build.0 = Debug|Any CPU
		{74FB17C4-EAE4-4EC9-ABF8-FC65468492EC}.Release|Any CPU.ActiveCfg = Release|Any CPU
		{74FB17C4-EAE4-4EC9-ABF8-FC65468492EC}.Release|Any CPU.Build.0 = Release|Any CPU
	EndGlobalSection
	GlobalSection(SolutionProperties) = preSolution
		HideSolutionNode = FALSE
	EndGlobalSection
EndGlobal
